
Microsoft Visual Studio Solution File, Format Version 12.00
# Visual Studio Version 17
VisualStudioVersion = 17.7.34202.233
MinimumVisualStudioVersion = 10.0.40219.1
Project("{FAE04EC0-301F-11D3-BF4B-00C04F79EFBC}") = "Practica_1_OOP", "Practica_1_OOP\Practica_1_OOP.csproj", "{10511120-4853-4EC9-9600-248E56D6DFAB}"
EndProject
Global
	GlobalSection(SolutionConfigurationPlatforms) = preSolution
		Debug|Any CPU = Debug|Any CPU
		Release|Any CPU = Release|Any CPU
	EndGlobalSection
	GlobalSection(ProjectConfigurationPlatforms) = postSolution
		{10511120-4853-4EC9-9600-248E56D6DFAB}.Debug|Any CPU.ActiveCfg = Debug|Any CPU
		{10511120-4853-4EC9-9600-248E56D6DFAB}.Debug|Any CPU.Build.0 = Debug|Any CPU
		{10511120-4853-4EC9-9600-248E56D6DFAB}.Release|Any CPU.ActiveCfg = Release|Any CPU
		{10511120-4853-4EC9-9600-248E56D6DFAB}.Release|Any CPU.Build.0 = Release|Any CPU
	EndGlobalSection
	GlobalSection(SolutionProperties) = preSolution
		HideSolutionNode = FALSE
	EndGlobalSection
	GlobalSection(ExtensibilityGlobals) = postSolution
		SolutionGuid = {B13A85C6-022F-455D-911D-1DF2CF5626BD}
	EndGlobalSection
EndGlobal
